uuid: 8ea83da0-8c4d-471f-a3f3-720adcd169e6
langcode: en
status: true
dependencies:
  config:
    - block_content.type.mt_frontpage_cover_block
  module:
    - content_translation
third_party_settings:
  content_translation:
    enabled: true
    bundle_settings:
      untranslatable_fields_hide: '1'
id: block_content.mt_frontpage_cover_block
target_entity_type_id: block_content
target_bundle: mt_frontpage_cover_block
default_langcode: site_default
language_alterable: true
