uuid: 86bda93c-b029-4fb5-99b4-a0560249510c
langcode: en
status: true
dependencies:
  config:
    - block_content.type.mt_timeline_block
  module:
    - content_translation
third_party_settings:
  content_translation:
    enabled: true
    bundle_settings:
      untranslatable_fields_hide: '1'
id: block_content.mt_timeline_block
target_entity_type_id: block_content
target_bundle: mt_timeline_block
default_langcode: site_default
language_alterable: true
