uuid: 555bb0d0-fccb-48cf-8207-f93419de8b18
langcode: en
status: true
dependencies:
  config:
    - block_content.type.mt_nodes_slideshow_block
  module:
    - content_translation
third_party_settings:
  content_translation:
    enabled: true
    bundle_settings:
      untranslatable_fields_hide: '1'
id: block_content.mt_nodes_slideshow_block
target_entity_type_id: block_content
target_bundle: mt_nodes_slideshow_block
default_langcode: site_default
language_alterable: true
